{
  "object": {
    "pins": [
      {
        "package": "MathParser",
        "repositoryURL": "https://github.com/davedelong/DDMathParser.git",
        "state": {
          "branch": "master",
          "revision": "6f5bd1281216200dfb96998836fcb35ef7cd024e",
          "version": null
        }
      },
      {
        "package": "Zip",
        "repositoryURL": "https://github.com/marmelroy/Zip.git",
        "state": {
          "branch": "master",
          "revision": "80b1c3005ee25b4c7ce46c4029ac3347e8d5e37e",
          "version": null
        }
      }
    ]
  },
  "version": 1
}
